
Microsoft Visual Studio Solution File, Format Version 12.00
# Visual Studio 14
VisualStudioVersion = 14.0.25123.0
MinimumVisualStudioVersion = 10.0.40219.1
Project("{FAE04EC0-301F-11D3-BF4B-00C04F79EFBC}") = "PoC.Xamarin.Cognitive.WebLM.Droid", "PoC.Xamarin.Cognitive.WebLM\PoC.Xamarin.Cognitive.WebLM.Droid\PoC.Xamarin.Cognitive.WebLM.Droid.csproj", "{E695F382-68B1-47E2-9FCD-8557C8D98CC9}"
EndProject
Project("{FAE04EC0-301F-11D3-BF4B-00C04F79EFBC}") = "PoC.Xamarin.Cognitive.WebLM.iOS", "PoC.Xamarin.Cognitive.WebLM\PoC.Xamarin.Cognitive.WebLM.iOS\PoC.Xamarin.Cognitive.WebLM.iOS.csproj", "{B067E3D4-46E1-4AB6-B9A1-154BA6E5B929}"
EndProject
Project("{FAE04EC0-301F-11D3-BF4B-00C04F79EFBC}") = "PoC.Xamarin.Cognitive.WebLM.UWP", "PoC.Xamarin.Cognitive.WebLM\PoC.Xamarin.Cognitive.WebLM.UWP\PoC.Xamarin.Cognitive.WebLM.UWP.csproj", "{8EC996EF-433A-4B35-B8B7-0BCD66F1B976}"
EndProject
Project("{FAE04EC0-301F-11D3-BF4B-00C04F79EFBC}") = "PoC.Xamarin.Cognitive.WebLM", "PoC.Xamarin.Cognitive.WebLM\PoC.Xamarin.Cognitive.WebLM\PoC.Xamarin.Cognitive.WebLM.csproj", "{2271A016-EF5C-4459-ABA3-B33E2F9C8E7F}"
EndProject
Project("{FAE04EC0-301F-11D3-BF4B-00C04F79EFBC}") = "WebLMServiceClient", "PoC.Xamarin.Cognitive.WebLM\Microsoft.ProjectOxford.Text.WebLM\WebLMServiceClient.csproj", "{53D3ADDB-DDBB-4818-ABA3-E5437C566266}"
EndProject
Global
	GlobalSection(SolutionConfigurationPlatforms) = preSolution
		Ad-Hoc|Any CPU = Ad-Hoc|Any CPU
		Ad-Hoc|ARM = Ad-Hoc|ARM
		Ad-Hoc|iPhone = Ad-Hoc|iPhone
		Ad-Hoc|iPhoneSimulator = Ad-Hoc|iPhoneSimulator
		Ad-Hoc|x64 = Ad-Hoc|x64
		Ad-Hoc|x86 = Ad-Hoc|x86
		AppStore|Any CPU = AppStore|Any CPU
		AppStore|ARM = AppStore|ARM
		AppStore|iPhone = AppStore|iPhone
		AppStore|iPhoneSimulator = AppStore|iPhoneSimulator
		AppStore|x64 = AppStore|x64
		AppStore|x86 = AppStore|x86
		CNDebug|Any CPU = CNDebug|Any CPU
		CNDebug|ARM = CNDebug|ARM
		CNDebug|iPhone = CNDebug|iPhone
		CNDebug|iPhoneSimulator = CNDebug|iPhoneSimulator
		CNDebug|x64 = CNDebug|x64
		CNDebug|x86 = CNDebug|x86
		Debug|Any CPU = Debug|Any CPU
		Debug|ARM = Debug|ARM
		Debug|iPhone = Debug|iPhone
		Debug|iPhoneSimulator = Debug|iPhoneSimulator
		Debug|x64 = Debug|x64
		Debug|x86 = Debug|x86
		Release|Any CPU = Release|Any CPU
		Release|ARM = Release|ARM
		Release|iPhone = Release|iPhone
		Release|iPhoneSimulator = Release|iPhoneSimulator
		Release|x64 = Release|x64
		Release|x86 = Release|x86
	EndGlobalSection
	GlobalSection(ProjectConfigurationPlatforms) = postSolution
		{E695F382-68B1-47E2-9FCD-8557C8D98CC9}.Ad-Hoc|Any CPU.ActiveCfg = Release|Any CPU
		{E695F382-68B1-47E2-9FCD-8557C8D98CC9}.Ad-Hoc|Any CPU.Build.0 = Release|Any CPU
		{E695F382-68B1-47E2-9FCD-8557C8D98CC9}.Ad-Hoc|Any CPU.Deploy.0 = Release|Any CPU
		{E695F382-68B1-47E2-9FCD-8557C8D98CC9}.Ad-Hoc|ARM.ActiveCfg = Release|Any CPU
		{E695F382-68B1-47E2-9FCD-8557C8D98CC9}.Ad-Hoc|ARM.Build.0 = Release|Any CPU
		{E695F382-68B1-47E2-9FCD-8557C8D98CC9}.Ad-Hoc|ARM.Deploy.0 = Release|Any CPU
		{E695F382-68B1-47E2-9FCD-8557C8D98CC9}.Ad-Hoc|iPhone.ActiveCfg = Release|Any CPU
		{E695F382-68B1-47E2-9FCD-8557C8D98CC9}.Ad-Hoc|iPhone.Build.0 = Release|Any CPU
		{E695F382-68B1-47E2-9FCD-8557C8D98CC9}.Ad-Hoc|iPhone.Deploy.0 = Release|Any CPU
		{E695F382-68B1-47E2-9FCD-8557C8D98CC9}.Ad-Hoc|iPhoneSimulator.ActiveCfg = Release|Any CPU
		{E695F382-68B1-47E2-9FCD-8557C8D98CC9}.Ad-Hoc|iPhoneSimulator.Build.0 = Release|Any CPU
		{E695F382-68B1-47E2-9FCD-8557C8D98CC9}.Ad-Hoc|iPhoneSimulator.Deploy.0 = Release|Any CPU
		{E695F382-68B1-47E2-9FCD-8557C8D98CC9}.Ad-Hoc|x64.ActiveCfg = Release|Any CPU
		{E695F382-68B1-47E2-9FCD-8557C8D98CC9}.Ad-Hoc|x64.Build.0 = Release|Any CPU
		{E695F382-68B1-47E2-9FCD-8557C8D98CC9}.Ad-Hoc|x64.Deploy.0 = Release|Any CPU
		{E695F382-68B1-47E2-9FCD-8557C8D98CC9}.Ad-Hoc|x86.ActiveCfg = Release|Any CPU
		{E695F382-68B1-47E2-9FCD-8557C8D98CC9}.Ad-Hoc|x86.Build.0 = Release|Any CPU
		{E695F382-68B1-47E2-9FCD-8557C8D98CC9}.Ad-Hoc|x86.Deploy.0 = Release|Any CPU
		{E695F382-68B1-47E2-9FCD-8557C8D98CC9}.AppStore|Any CPU.ActiveCfg = Release|Any CPU
		{E695F382-68B1-47E2-9FCD-8557C8D98CC9}.AppStore|Any CPU.Build.0 = Release|Any CPU
		{E695F382-68B1-47E2-9FCD-8557C8D98CC9}.AppStore|Any CPU.Deploy.0 = Release|Any CPU
		{E695F382-68B1-47E2-9FCD-8557C8D98CC9}.AppStore|ARM.ActiveCfg = Release|Any CPU
		{E695F382-68B1-47E2-9FCD-8557C8D98CC9}.AppStore|ARM.Build.0 = Release|Any CPU
		{E695F382-68B1-47E2-9FCD-8557C8D98CC9}.AppStore|ARM.Deploy.0 = Release|Any CPU
		{E695F382-68B1-47E2-9FCD-8557C8D98CC9}.AppStore|iPhone.ActiveCfg = Release|Any CPU
		{E695F382-68B1-47E2-9FCD-8557C8D98CC9}.AppStore|iPhone.Build.0 = Release|Any CPU
		{E695F382-68B1-47E2-9FCD-8557C8D98CC9}.AppStore|iPhone.Deploy.0 = Release|Any CPU
		{E695F382-68B1-47E2-9FCD-8557C8D98CC9}.AppStore|iPhoneSimulator.ActiveCfg = Release|Any CPU
		{E695F382-68B1-47E2-9FCD-8557C8D98CC9}.AppStore|iPhoneSimulator.Build.0 = Release|Any CPU
		{E695F382-68B1-47E2-9FCD-8557C8D98CC9}.AppStore|iPhoneSimulator.Deploy.0 = Release|Any CPU
		{E695F382-68B1-47E2-9FCD-8557C8D98CC9}.AppStore|x64.ActiveCfg = Release|Any CPU
		{E695F382-68B1-47E2-9FCD-8557C8D98CC9}.AppStore|x64.Build.0 = Release|Any CPU
		{E695F382-68B1-47E2-9FCD-8557C8D98CC9}.AppStore|x64.Deploy.0 = Release|Any CPU
		{E695F382-68B1-47E2-9FCD-8557C8D98CC9}.AppStore|x86.ActiveCfg = Release|Any CPU
		{E695F382-68B1-47E2-9FCD-8557C8D98CC9}.AppStore|x86.Build.0 = Release|Any CPU
		{E695F382-68B1-47E2-9FCD-8557C8D98CC9}.AppStore|x86.Deploy.0 = Release|Any CPU
		{E695F382-68B1-47E2-9FCD-8557C8D98CC9}.CNDebug|Any CPU.ActiveCfg = Debug|Any CPU
		{E695F382-68B1-47E2-9FCD-8557C8D98CC9}.CNDebug|Any CPU.Build.0 = Debug|Any CPU
		{E695F382-68B1-47E2-9FCD-8557C8D98CC9}.CNDebug|Any CPU.Deploy.0 = Debug|Any CPU
		{E695F382-68B1-47E2-9FCD-8557C8D98CC9}.CNDebug|ARM.ActiveCfg = Debug|Any CPU
		{E695F382-68B1-47E2-9FCD-8557C8D98CC9}.CNDebug|ARM.Build.0 = Debug|Any CPU
		{E695F382-68B1-47E2-9FCD-8557C8D98CC9}.CNDebug|ARM.Deploy.0 = Debug|Any CPU
		{E695F382-68B1-47E2-9FCD-8557C8D98CC9}.CNDebug|iPhone.ActiveCfg = Debug|Any CPU
		{E695F382-68B1-47E2-9FCD-8557C8D98CC9}.CNDebug|iPhone.Build.0 = Debug|Any CPU
		{E695F382-68B1-47E2-9FCD-8557C8D98CC9}.CNDebug|iPhone.Deploy.0 = Debug|Any CPU
		{E695F382-68B1-47E2-9FCD-8557C8D98CC9}.CNDebug|iPhoneSimulator.ActiveCfg = Debug|Any CPU
		{E695F382-68B1-47E2-9FCD-8557C8D98CC9}.CNDebug|iPhoneSimulator.Build.0 = Debug|Any CPU
		{E695F382-68B1-47E2-9FCD-8557C8D98CC9}.CNDebug|iPhoneSimulator.Deploy.0 = Debug|Any CPU
		{E695F382-68B1-47E2-9FCD-8557C8D98CC9}.CNDebug|x64.ActiveCfg = Debug|Any CPU
		{E695F382-68B1-47E2-9FCD-8557C8D98CC9}.CNDebug|x64.Build.0 = Debug|Any CPU
		{E695F382-68B1-47E2-9FCD-8557C8D98CC9}.CNDebug|x64.Deploy.0 = Debug|Any CPU
		{E695F382-68B1-47E2-9FCD-8557C8D98CC9}.CNDebug|x86.ActiveCfg = Debug|Any CPU
		{E695F382-68B1-47E2-9FCD-8557C8D98CC9}.CNDebug|x86.Build.0 = Debug|Any CPU
		{E695F382-68B1-47E2-9FCD-8557C8D98CC9}.CNDebug|x86.Deploy.0 = Debug|Any CPU
		{E695F382-68B1-47E2-9FCD-8557C8D98CC9}.Debug|Any CPU.ActiveCfg = Debug|Any CPU
		{E695F382-68B1-47E2-9FCD-8557C8D98CC9}.Debug|Any CPU.Build.0 = Debug|Any CPU
		{E695F382-68B1-47E2-9FCD-8557C8D98CC9}.Debug|Any CPU.Deploy.0 = Debug|Any CPU
		{E695F382-68B1-47E2-9FCD-8557C8D98CC9}.Debug|ARM.ActiveCfg = Debug|Any CPU
		{E695F382-68B1-47E2-9FCD-8557C8D98CC9}.Debug|ARM.Build.0 = Debug|Any CPU
		{E695F382-68B1-47E2-9FCD-8557C8D98CC9}.Debug|ARM.Deploy.0 = Debug|Any CPU
		{E695F382-68B1-47E2-9FCD-8557C8D98CC9}.Debug|iPhone.ActiveCfg = Debug|Any CPU
		{E695F382-68B1-47E2-9FCD-8557C8D98CC9}.Debug|iPhone.Build.0 = Debug|Any CPU
		{E695F382-68B1-47E2-9FCD-8557C8D98CC9}.Debug|iPhone.Deploy.0 = Debug|Any CPU
		{E695F382-68B1-47E2-9FCD-8557C8D98CC9}.Debug|iPhoneSimulator.ActiveCfg = Debug|Any CPU
		{E695F382-68B1-47E2-9FCD-8557C8D98CC9}.Debug|iPhoneSimulator.Build.0 = Debug|Any CPU
		{E695F382-68B1-47E2-9FCD-8557C8D98CC9}.Debug|iPhoneSimulator.Deploy.0 = Debug|Any CPU
		{E695F382-68B1-47E2-9FCD-8557C8D98CC9}.Debug|x64.ActiveCfg = Debug|Any CPU
		{E695F382-68B1-47E2-9FCD-8557C8D98CC9}.Debug|x64.Build.0 = Debug|Any CPU
		{E695F382-68B1-47E2-9FCD-8557C8D98CC9}.Debug|x64.Deploy.0 = Debug|Any CPU
		{E695F382-68B1-47E2-9FCD-8557C8D98CC9}.Debug|x86.ActiveCfg = Debug|Any CPU
		{E695F382-68B1-47E2-9FCD-8557C8D98CC9}.Debug|x86.Build.0 = Debug|Any CPU
		{E695F382-68B1-47E2-9FCD-8557C8D98CC9}.Debug|x86.Deploy.0 = Debug|Any CPU
		{E695F382-68B1-47E2-9FCD-8557C8D98CC9}.Release|Any CPU.ActiveCfg = Release|Any CPU
		{E695F382-68B1-47E2-9FCD-8557C8D98CC9}.Release|Any CPU.Build.0 = Release|Any CPU
		{E695F382-68B1-47E2-9FCD-8557C8D98CC9}.Release|Any CPU.Deploy.0 = Release|Any CPU
		{E695F382-68B1-47E2-9FCD-8557C8D98CC9}.Release|ARM.ActiveCfg = Release|Any CPU
		{E695F382-68B1-47E2-9FCD-8557C8D98CC9}.Release|ARM.Build.0 = Release|Any CPU
		{E695F382-68B1-47E2-9FCD-8557C8D98CC9}.Release|ARM.Deploy.0 = Release|Any CPU
		{E695F382-68B1-47E2-9FCD-8557C8D98CC9}.Release|iPhone.ActiveCfg = Release|Any CPU
		{E695F382-68B1-47E2-9FCD-8557C8D98CC9}.Release|iPhone.Build.0 = Release|Any CPU
		{E695F382-68B1-47E2-9FCD-8557C8D98CC9}.Release|iPhone.Deploy.0 = Release|Any CPU
		{E695F382-68B1-47E2-9FCD-8557C8D98CC9}.Release|iPhoneSimulator.ActiveCfg = Release|Any CPU
		{E695F382-68B1-47E2-9FCD-8557C8D98CC9}.Release|iPhoneSimulator.Build.0 = Release|Any CPU
		{E695F382-68B1-47E2-9FCD-8557C8D98CC9}.Release|iPhoneSimulator.Deploy.0 = Release|Any CPU
		{E695F382-68B1-47E2-9FCD-8557C8D98CC9}.Release|x64.ActiveCfg = Release|Any CPU
		{E695F382-68B1-47E2-9FCD-8557C8D98CC9}.Release|x64.Build.0 = Release|Any CPU
		{E695F382-68B1-47E2-9FCD-8557C8D98CC9}.Release|x64.Deploy.0 = Release|Any CPU
		{E695F382-68B1-47E2-9FCD-8557C8D98CC9}.Release|x86.ActiveCfg = Release|Any CPU
		{E695F382-68B1-47E2-9FCD-8557C8D98CC9}.Release|x86.Build.0 = Release|Any CPU
		{E695F382-68B1-47E2-9FCD-8557C8D98CC9}.Release|x86.Deploy.0 = Release|Any CPU
		{B067E3D4-46E1-4AB6-B9A1-154BA6E5B929}.Ad-Hoc|Any CPU.ActiveCfg = Ad-Hoc|iPhone
		{B067E3D4-46E1-4AB6-B9A1-154BA6E5B929}.Ad-Hoc|ARM.ActiveCfg = Ad-Hoc|iPhone
		{B067E3D4-46E1-4AB6-B9A1-154BA6E5B929}.Ad-Hoc|iPhone.ActiveCfg = Ad-Hoc|iPhone
		{B067E3D4-46E1-4AB6-B9A1-154BA6E5B929}.Ad-Hoc|iPhone.Build.0 = Ad-Hoc|iPhone
		{B067E3D4-46E1-4AB6-B9A1-154BA6E5B929}.Ad-Hoc|iPhoneSimulator.ActiveCfg = Ad-Hoc|iPhoneSimulator
		{B067E3D4-46E1-4AB6-B9A1-154BA6E5B929}.Ad-Hoc|iPhoneSimulator.Build.0 = Ad-Hoc|iPhoneSimulator
		{B067E3D4-46E1-4AB6-B9A1-154BA6E5B929}.Ad-Hoc|x64.ActiveCfg = Ad-Hoc|iPhone
		{B067E3D4-46E1-4AB6-B9A1-154BA6E5B929}.Ad-Hoc|x86.ActiveCfg = Ad-Hoc|iPhone
		{B067E3D4-46E1-4AB6-B9A1-154BA6E5B929}.AppStore|Any CPU.ActiveCfg = AppStore|iPhone
		{B067E3D4-46E1-4AB6-B9A1-154BA6E5B929}.AppStore|ARM.ActiveCfg = AppStore|iPhone
		{B067E3D4-46E1-4AB6-B9A1-154BA6E5B929}.AppStore|iPhone.ActiveCfg = AppStore|iPhone
		{B067E3D4-46E1-4AB6-B9A1-154BA6E5B929}.AppStore|iPhone.Build.0 = AppStore|iPhone
		{B067E3D4-46E1-4AB6-B9A1-154BA6E5B929}.AppStore|iPhoneSimulator.ActiveCfg = AppStore|iPhoneSimulator
		{B067E3D4-46E1-4AB6-B9A1-154BA6E5B929}.AppStore|iPhoneSimulator.Build.0 = AppStore|iPhoneSimulator
		{B067E3D4-46E1-4AB6-B9A1-154BA6E5B929}.AppStore|x64.ActiveCfg = AppStore|iPhone
		{B067E3D4-46E1-4AB6-B9A1-154BA6E5B929}.AppStore|x86.ActiveCfg = AppStore|iPhone
		{B067E3D4-46E1-4AB6-B9A1-154BA6E5B929}.CNDebug|Any CPU.ActiveCfg = AppStore|iPhone
		{B067E3D4-46E1-4AB6-B9A1-154BA6E5B929}.CNDebug|Any CPU.Build.0 = AppStore|iPhone
		{B067E3D4-46E1-4AB6-B9A1-154BA6E5B929}.CNDebug|ARM.ActiveCfg = AppStore|iPhone
		{B067E3D4-46E1-4AB6-B9A1-154BA6E5B929}.CNDebug|ARM.Build.0 = AppStore|iPhone
		{B067E3D4-46E1-4AB6-B9A1-154BA6E5B929}.CNDebug|iPhone.ActiveCfg = Debug|iPhone
		{B067E3D4-46E1-4AB6-B9A1-154BA6E5B929}.CNDebug|iPhone.Build.0 = Debug|iPhone
		{B067E3D4-46E1-4AB6-B9A1-154BA6E5B929}.CNDebug|iPhoneSimulator.ActiveCfg = Debug|iPhoneSimulator
		{B067E3D4-46E1-4AB6-B9A1-154BA6E5B929}.CNDebug|iPhoneSimulator.Build.0 = Debug|iPhoneSimulator
		{B067E3D4-46E1-4AB6-B9A1-154BA6E5B929}.CNDebug|x64.ActiveCfg = AppStore|iPhone
		{B067E3D4-46E1-4AB6-B9A1-154BA6E5B929}.CNDebug|x64.Build.0 = AppStore|iPhone
		{B067E3D4-46E1-4AB6-B9A1-154BA6E5B929}.CNDebug|x86.ActiveCfg = AppStore|iPhone
		{B067E3D4-46E1-4AB6-B9A1-154BA6E5B929}.CNDebug|x86.Build.0 = AppStore|iPhone
		{B067E3D4-46E1-4AB6-B9A1-154BA6E5B929}.Debug|Any CPU.ActiveCfg = Debug|iPhone
		{B067E3D4-46E1-4AB6-B9A1-154BA6E5B929}.Debug|ARM.ActiveCfg = Debug|iPhone
		{B067E3D4-46E1-4AB6-B9A1-154BA6E5B929}.Debug|iPhone.ActiveCfg = Debug|iPhone
		{B067E3D4-46E1-4AB6-B9A1-154BA6E5B929}.Debug|iPhone.Build.0 = Debug|iPhone
		{B067E3D4-46E1-4AB6-B9A1-154BA6E5B929}.Debug|iPhoneSimulator.ActiveCfg = Debug|iPhoneSimulator
		{B067E3D4-46E1-4AB6-B9A1-154BA6E5B929}.Debug|iPhoneSimulator.Build.0 = Debug|iPhoneSimulator
		{B067E3D4-46E1-4AB6-B9A1-154BA6E5B929}.Debug|x64.ActiveCfg = Debug|iPhone
		{B067E3D4-46E1-4AB6-B9A1-154BA6E5B929}.Debug|x86.ActiveCfg = Debug|iPhone
		{B067E3D4-46E1-4AB6-B9A1-154BA6E5B929}.Release|Any CPU.ActiveCfg = Release|iPhone
		{B067E3D4-46E1-4AB6-B9A1-154BA6E5B929}.Release|ARM.ActiveCfg = Release|iPhone
		{B067E3D4-46E1-4AB6-B9A1-154BA6E5B929}.Release|iPhone.ActiveCfg = Release|iPhone
		{B067E3D4-46E1-4AB6-B9A1-154BA6E5B929}.Release|iPhone.Build.0 = Release|iPhone
		{B067E3D4-46E1-4AB6-B9A1-154BA6E5B929}.Release|iPhoneSimulator.ActiveCfg = Release|iPhoneSimulator
		{B067E3D4-46E1-4AB6-B9A1-154BA6E5B929}.Release|iPhoneSimulator.Build.0 = Release|iPhoneSimulator
		{B067E3D4-46E1-4AB6-B9A1-154BA6E5B929}.Release|x64.ActiveCfg = Release|iPhone
		{B067E3D4-46E1-4AB6-B9A1-154BA6E5B929}.Release|x86.ActiveCfg = Release|iPhone
		{8EC996EF-433A-4B35-B8B7-0BCD66F1B976}.Ad-Hoc|Any CPU.ActiveCfg = Release|x86
		{8EC996EF-433A-4B35-B8B7-0BCD66F1B976}.Ad-Hoc|Any CPU.Build.0 = Release|x86
		{8EC996EF-433A-4B35-B8B7-0BCD66F1B976}.Ad-Hoc|Any CPU.Deploy.0 = Release|x86
		{8EC996EF-433A-4B35-B8B7-0BCD66F1B976}.Ad-Hoc|ARM.ActiveCfg = Release|ARM
		{8EC996EF-433A-4B35-B8B7-0BCD66F1B976}.Ad-Hoc|ARM.Build.0 = Release|ARM
		{8EC996EF-433A-4B35-B8B7-0BCD66F1B976}.Ad-Hoc|ARM.Deploy.0 = Release|ARM
		{8EC996EF-433A-4B35-B8B7-0BCD66F1B976}.Ad-Hoc|iPhone.ActiveCfg = Release|x86
		{8EC996EF-433A-4B35-B8B7-0BCD66F1B976}.Ad-Hoc|iPhone.Build.0 = Release|x86
		{8EC996EF-433A-4B35-B8B7-0BCD66F1B976}.Ad-Hoc|iPhone.Deploy.0 = Release|x86
		{8EC996EF-433A-4B35-B8B7-0BCD66F1B976}.Ad-Hoc|iPhoneSimulator.ActiveCfg = Release|x86
		{8EC996EF-433A-4B35-B8B7-0BCD66F1B976}.Ad-Hoc|iPhoneSimulator.Build.0 = Release|x86
		{8EC996EF-433A-4B35-B8B7-0BCD66F1B976}.Ad-Hoc|iPhoneSimulator.Deploy.0 = Release|x86
		{8EC996EF-433A-4B35-B8B7-0BCD66F1B976}.Ad-Hoc|x64.ActiveCfg = Release|x64
		{8EC996EF-433A-4B35-B8B7-0BCD66F1B976}.Ad-Hoc|x64.Build.0 = Release|x64
		{8EC996EF-433A-4B35-B8B7-0BCD66F1B976}.Ad-Hoc|x64.Deploy.0 = Release|x64
		{8EC996EF-433A-4B35-B8B7-0BCD66F1B976}.Ad-Hoc|x86.ActiveCfg = Release|x86
		{8EC996EF-433A-4B35-B8B7-0BCD66F1B976}.Ad-Hoc|x86.Build.0 = Release|x86
		{8EC996EF-433A-4B35-B8B7-0BCD66F1B976}.Ad-Hoc|x86.Deploy.0 = Release|x86
		{8EC996EF-433A-4B35-B8B7-0BCD66F1B976}.AppStore|Any CPU.ActiveCfg = Release|x86
		{8EC996EF-433A-4B35-B8B7-0BCD66F1B976}.AppStore|Any CPU.Build.0 = Release|x86
		{8EC996EF-433A-4B35-B8B7-0BCD66F1B976}.AppStore|Any CPU.Deploy.0 = Release|x86
		{8EC996EF-433A-4B35-B8B7-0BCD66F1B976}.AppStore|ARM.ActiveCfg = Release|ARM
		{8EC996EF-433A-4B35-B8B7-0BCD66F1B976}.AppStore|ARM.Build.0 = Release|ARM
		{8EC996EF-433A-4B35-B8B7-0BCD66F1B976}.AppStore|ARM.Deploy.0 = Release|ARM
		{8EC996EF-433A-4B35-B8B7-0BCD66F1B976}.AppStore|iPhone.ActiveCfg = Release|x86
		{8EC996EF-433A-4B35-B8B7-0BCD66F1B976}.AppStore|iPhone.Build.0 = Release|x86
		{8EC996EF-433A-4B35-B8B7-0BCD66F1B976}.AppStore|iPhone.Deploy.0 = Release|x86
		{8EC996EF-433A-4B35-B8B7-0BCD66F1B976}.AppStore|iPhoneSimulator.ActiveCfg = Release|x86
		{8EC996EF-433A-4B35-B8B7-0BCD66F1B976}.AppStore|iPhoneSimulator.Build.0 = Release|x86
		{8EC996EF-433A-4B35-B8B7-0BCD66F1B976}.AppStore|iPhoneSimulator.Deploy.0 = Release|x86
		{8EC996EF-433A-4B35-B8B7-0BCD66F1B976}.AppStore|x64.ActiveCfg = Release|x64
		{8EC996EF-433A-4B35-B8B7-0BCD66F1B976}.AppStore|x64.Build.0 = Release|x64
		{8EC996EF-433A-4B35-B8B7-0BCD66F1B976}.AppStore|x64.Deploy.0 = Release|x64
		{8EC996EF-433A-4B35-B8B7-0BCD66F1B976}.AppStore|x86.ActiveCfg = Release|x86
		{8EC996EF-433A-4B35-B8B7-0BCD66F1B976}.AppStore|x86.Build.0 = Release|x86
		{8EC996EF-433A-4B35-B8B7-0BCD66F1B976}.AppStore|x86.Deploy.0 = Release|x86
		{8EC996EF-433A-4B35-B8B7-0BCD66F1B976}.CNDebug|Any CPU.ActiveCfg = Release|x86
		{8EC996EF-433A-4B35-B8B7-0BCD66F1B976}.CNDebug|Any CPU.Build.0 = Release|x86
		{8EC996EF-433A-4B35-B8B7-0BCD66F1B976}.CNDebug|Any CPU.Deploy.0 = Release|x86
		{8EC996EF-433A-4B35-B8B7-0BCD66F1B976}.CNDebug|ARM.ActiveCfg = Debug|ARM
		{8EC996EF-433A-4B35-B8B7-0BCD66F1B976}.CNDebug|ARM.Build.0 = Debug|ARM
		{8EC996EF-433A-4B35-B8B7-0BCD66F1B976}.CNDebug|ARM.Deploy.0 = Debug|ARM
		{8EC996EF-433A-4B35-B8B7-0BCD66F1B976}.CNDebug|iPhone.ActiveCfg = Release|x86
		{8EC996EF-433A-4B35-B8B7-0BCD66F1B976}.CNDebug|iPhone.Build.0 = Release|x86
		{8EC996EF-433A-4B35-B8B7-0BCD66F1B976}.CNDebug|iPhone.Deploy.0 = Release|x86
		{8EC996EF-433A-4B35-B8B7-0BCD66F1B976}.CNDebug|iPhoneSimulator.ActiveCfg = Release|x86
		{8EC996EF-433A-4B35-B8B7-0BCD66F1B976}.CNDebug|iPhoneSimulator.Build.0 = Release|x86
		{8EC996EF-433A-4B35-B8B7-0BCD66F1B976}.CNDebug|iPhoneSimulator.Deploy.0 = Release|x86
		{8EC996EF-433A-4B35-B8B7-0BCD66F1B976}.CNDebug|x64.ActiveCfg = Debug|x64
		{8EC996EF-433A-4B35-B8B7-0BCD66F1B976}.CNDebug|x64.Build.0 = Debug|x64
		{8EC996EF-433A-4B35-B8B7-0BCD66F1B976}.CNDebug|x64.Deploy.0 = Debug|x64
		{8EC996EF-433A-4B35-B8B7-0BCD66F1B976}.CNDebug|x86.ActiveCfg = Debug|x86
		{8EC996EF-433A-4B35-B8B7-0BCD66F1B976}.CNDebug|x86.Build.0 = Debug|x86
		{8EC996EF-433A-4B35-B8B7-0BCD66F1B976}.CNDebug|x86.Deploy.0 = Debug|x86
		{8EC996EF-433A-4B35-B8B7-0BCD66F1B976}.Debug|Any CPU.ActiveCfg = Debug|x86
		{8EC996EF-433A-4B35-B8B7-0BCD66F1B976}.Debug|ARM.ActiveCfg = Debug|ARM
		{8EC996EF-433A-4B35-B8B7-0BCD66F1B976}.Debug|ARM.Build.0 = Debug|ARM
		{8EC996EF-433A-4B35-B8B7-0BCD66F1B976}.Debug|ARM.Deploy.0 = Debug|ARM
		{8EC996EF-433A-4B35-B8B7-0BCD66F1B976}.Debug|iPhone.ActiveCfg = Debug|x86
		{8EC996EF-433A-4B35-B8B7-0BCD66F1B976}.Debug|iPhoneSimulator.ActiveCfg = Debug|x86
		{8EC996EF-433A-4B35-B8B7-0BCD66F1B976}.Debug|x64.ActiveCfg = Debug|x64
		{8EC996EF-433A-4B35-B8B7-0BCD66F1B976}.Debug|x64.Build.0 = Debug|x64
		{8EC996EF-433A-4B35-B8B7-0BCD66F1B976}.Debug|x64.Deploy.0 = Debug|x64
		{8EC996EF-433A-4B35-B8B7-0BCD66F1B976}.Debug|x86.ActiveCfg = Debug|x86
		{8EC996EF-433A-4B35-B8B7-0BCD66F1B976}.Debug|x86.Build.0 = Debug|x86
		{8EC996EF-433A-4B35-B8B7-0BCD66F1B976}.Debug|x86.Deploy.0 = Debug|x86
		{8EC996EF-433A-4B35-B8B7-0BCD66F1B976}.Release|Any CPU.ActiveCfg = Release|x86
		{8EC996EF-433A-4B35-B8B7-0BCD66F1B976}.Release|ARM.ActiveCfg = Release|ARM
		{8EC996EF-433A-4B35-B8B7-0BCD66F1B976}.Release|ARM.Build.0 = Release|ARM
		{8EC996EF-433A-4B35-B8B7-0BCD66F1B976}.Release|ARM.Deploy.0 = Release|ARM
		{8EC996EF-433A-4B35-B8B7-0BCD66F1B976}.Release|iPhone.ActiveCfg = Release|x86
		{8EC996EF-433A-4B35-B8B7-0BCD66F1B976}.Release|iPhoneSimulator.ActiveCfg = Release|x86
		{8EC996EF-433A-4B35-B8B7-0BCD66F1B976}.Release|x64.ActiveCfg = Release|x64
		{8EC996EF-433A-4B35-B8B7-0BCD66F1B976}.Release|x64.Build.0 = Release|x64
		{8EC996EF-433A-4B35-B8B7-0BCD66F1B976}.Release|x64.Deploy.0 = Release|x64
		{8EC996EF-433A-4B35-B8B7-0BCD66F1B976}.Release|x86.ActiveCfg = Release|x86
		{8EC996EF-433A-4B35-B8B7-0BCD66F1B976}.Release|x86.Build.0 = Release|x86
		{8EC996EF-433A-4B35-B8B7-0BCD66F1B976}.Release|x86.Deploy.0 = Release|x86
		{2271A016-EF5C-4459-ABA3-B33E2F9C8E7F}.Ad-Hoc|Any CPU.ActiveCfg = Release|Any CPU
		{2271A016-EF5C-4459-ABA3-B33E2F9C8E7F}.Ad-Hoc|Any CPU.Build.0 = Release|Any CPU
		{2271A016-EF5C-4459-ABA3-B33E2F9C8E7F}.Ad-Hoc|ARM.ActiveCfg = Release|Any CPU
		{2271A016-EF5C-4459-ABA3-B33E2F9C8E7F}.Ad-Hoc|ARM.Build.0 = Release|Any CPU
		{2271A016-EF5C-4459-ABA3-B33E2F9C8E7F}.Ad-Hoc|iPhone.ActiveCfg = Release|Any CPU
		{2271A016-EF5C-4459-ABA3-B33E2F9C8E7F}.Ad-Hoc|iPhone.Build.0 = Release|Any CPU
		{2271A016-EF5C-4459-ABA3-B33E2F9C8E7F}.Ad-Hoc|iPhoneSimulator.ActiveCfg = Release|Any CPU
		{2271A016-EF5C-4459-ABA3-B33E2F9C8E7F}.Ad-Hoc|iPhoneSimulator.Build.0 = Release|Any CPU
		{2271A016-EF5C-4459-ABA3-B33E2F9C8E7F}.Ad-Hoc|x64.ActiveCfg = Release|Any CPU
		{2271A016-EF5C-4459-ABA3-B33E2F9C8E7F}.Ad-Hoc|x64.Build.0 = Release|Any CPU
		{2271A016-EF5C-4459-ABA3-B33E2F9C8E7F}.Ad-Hoc|x86.ActiveCfg = Release|Any CPU
		{2271A016-EF5C-4459-ABA3-B33E2F9C8E7F}.Ad-Hoc|x86.Build.0 = Release|Any CPU
		{2271A016-EF5C-4459-ABA3-B33E2F9C8E7F}.AppStore|Any CPU.ActiveCfg = Release|Any CPU
		{2271A016-EF5C-4459-ABA3-B33E2F9C8E7F}.AppStore|Any CPU.Build.0 = Release|Any CPU
		{2271A016-EF5C-4459-ABA3-B33E2F9C8E7F}.AppStore|ARM.ActiveCfg = Release|Any CPU
		{2271A016-EF5C-4459-ABA3-B33E2F9C8E7F}.AppStore|ARM.Build.0 = Release|Any CPU
		{2271A016-EF5C-4459-ABA3-B33E2F9C8E7F}.AppStore|iPhone.ActiveCfg = Release|Any CPU
		{2271A016-EF5C-4459-ABA3-B33E2F9C8E7F}.AppStore|iPhone.Build.0 = Release|Any CPU
		{2271A016-EF5C-4459-ABA3-B33E2F9C8E7F}.AppStore|iPhoneSimulator.ActiveCfg = Release|Any CPU
		{2271A016-EF5C-4459-ABA3-B33E2F9C8E7F}.AppStore|iPhoneSimulator.Build.0 = Release|Any CPU
		{2271A016-EF5C-4459-ABA3-B33E2F9C8E7F}.AppStore|x64.ActiveCfg = Release|Any CPU
		{2271A016-EF5C-4459-ABA3-B33E2F9C8E7F}.AppStore|x64.Build.0 = Release|Any CPU
		{2271A016-EF5C-4459-ABA3-B33E2F9C8E7F}.AppStore|x86.ActiveCfg = Release|Any CPU
		{2271A016-EF5C-4459-ABA3-B33E2F9C8E7F}.AppStore|x86.Build.0 = Release|Any CPU
		{2271A016-EF5C-4459-ABA3-B33E2F9C8E7F}.CNDebug|Any CPU.ActiveCfg = Debug|Any CPU
		{2271A016-EF5C-4459-ABA3-B33E2F9C8E7F}.CNDebug|Any CPU.Build.0 = Debug|Any CPU
		{2271A016-EF5C-4459-ABA3-B33E2F9C8E7F}.CNDebug|ARM.ActiveCfg = Debug|Any CPU
		{2271A016-EF5C-4459-ABA3-B33E2F9C8E7F}.CNDebug|ARM.Build.0 = Debug|Any CPU
		{2271A016-EF5C-4459-ABA3-B33E2F9C8E7F}.CNDebug|iPhone.ActiveCfg = Debug|Any CPU
		{2271A016-EF5C-4459-ABA3-B33E2F9C8E7F}.CNDebug|iPhone.Build.0 = Debug|Any CPU
		{2271A016-EF5C-4459-ABA3-B33E2F9C8E7F}.CNDebug|iPhoneSimulator.ActiveCfg = Debug|Any CPU
		{2271A016-EF5C-4459-ABA3-B33E2F9C8E7F}.CNDebug|iPhoneSimulator.Build.0 = Debug|Any CPU
		{2271A016-EF5C-4459-ABA3-B33E2F9C8E7F}.CNDebug|x64.ActiveCfg = Debug|Any CPU
		{2271A016-EF5C-4459-ABA3-B33E2F9C8E7F}.CNDebug|x64.Build.0 = Debug|Any CPU
		{2271A016-EF5C-4459-ABA3-B33E2F9C8E7F}.CNDebug|x86.ActiveCfg = Debug|Any CPU
		{2271A016-EF5C-4459-ABA3-B33E2F9C8E7F}.CNDebug|x86.Build.0 = Debug|Any CPU
		{2271A016-EF5C-4459-ABA3-B33E2F9C8E7F}.Debug|Any CPU.ActiveCfg = Debug|Any CPU
		{2271A016-EF5C-4459-ABA3-B33E2F9C8E7F}.Debug|Any CPU.Build.0 = Debug|Any CPU
		{2271A016-EF5C-4459-ABA3-B33E2F9C8E7F}.Debug|ARM.ActiveCfg = Debug|Any CPU
		{2271A016-EF5C-4459-ABA3-B33E2F9C8E7F}.Debug|ARM.Build.0 = Debug|Any CPU
		{2271A016-EF5C-4459-ABA3-B33E2F9C8E7F}.Debug|iPhone.ActiveCfg = Debug|Any CPU
		{2271A016-EF5C-4459-ABA3-B33E2F9C8E7F}.Debug|iPhone.Build.0 = Debug|Any CPU
		{2271A016-EF5C-4459-ABA3-B33E2F9C8E7F}.Debug|iPhoneSimulator.ActiveCfg = Debug|Any CPU
		{2271A016-EF5C-4459-ABA3-B33E2F9C8E7F}.Debug|iPhoneSimulator.Build.0 = Debug|Any CPU
		{2271A016-EF5C-4459-ABA3-B33E2F9C8E7F}.Debug|x64.ActiveCfg = Debug|Any CPU
		{2271A016-EF5C-4459-ABA3-B33E2F9C8E7F}.Debug|x64.Build.0 = Debug|Any CPU
		{2271A016-EF5C-4459-ABA3-B33E2F9C8E7F}.Debug|x86.ActiveCfg = Debug|Any CPU
		{2271A016-EF5C-4459-ABA3-B33E2F9C8E7F}.Debug|x86.Build.0 = Debug|Any CPU
		{2271A016-EF5C-4459-ABA3-B33E2F9C8E7F}.Release|Any CPU.ActiveCfg = Release|Any CPU
		{2271A016-EF5C-4459-ABA3-B33E2F9C8E7F}.Release|Any CPU.Build.0 = Release|Any CPU
		{2271A016-EF5C-4459-ABA3-B33E2F9C8E7F}.Release|ARM.ActiveCfg = Release|Any CPU
		{2271A016-EF5C-4459-ABA3-B33E2F9C8E7F}.Release|ARM.Build.0 = Release|Any CPU
		{2271A016-EF5C-4459-ABA3-B33E2F9C8E7F}.Release|iPhone.ActiveCfg = Release|Any CPU
		{2271A016-EF5C-4459-ABA3-B33E2F9C8E7F}.Release|iPhone.Build.0 = Release|Any CPU
		{2271A016-EF5C-4459-ABA3-B33E2F9C8E7F}.Release|iPhoneSimulator.ActiveCfg = Release|Any CPU
		{2271A016-EF5C-4459-ABA3-B33E2F9C8E7F}.Release|iPhoneSimulator.Build.0 = Release|Any CPU
		{2271A016-EF5C-4459-ABA3-B33E2F9C8E7F}.Release|x64.ActiveCfg = Release|Any CPU
		{2271A016-EF5C-4459-ABA3-B33E2F9C8E7F}.Release|x64.Build.0 = Release|Any CPU
		{2271A016-EF5C-4459-ABA3-B33E2F9C8E7F}.Release|x86.ActiveCfg = Release|Any CPU
		{2271A016-EF5C-4459-ABA3-B33E2F9C8E7F}.Release|x86.Build.0 = Release|Any CPU
		{53D3ADDB-DDBB-4818-ABA3-E5437C566266}.Ad-Hoc|Any CPU.ActiveCfg = CNDebug|Any CPU
		{53D3ADDB-DDBB-4818-ABA3-E5437C566266}.Ad-Hoc|Any CPU.Build.0 = CNDebug|Any CPU
		{53D3ADDB-DDBB-4818-ABA3-E5437C566266}.Ad-Hoc|ARM.ActiveCfg = CNDebug|Any CPU
		{53D3ADDB-DDBB-4818-ABA3-E5437C566266}.Ad-Hoc|ARM.Build.0 = CNDebug|Any CPU
		{53D3ADDB-DDBB-4818-ABA3-E5437C566266}.Ad-Hoc|iPhone.ActiveCfg = CNDebug|Any CPU
		{53D3ADDB-DDBB-4818-ABA3-E5437C566266}.Ad-Hoc|iPhone.Build.0 = CNDebug|Any CPU
		{53D3ADDB-DDBB-4818-ABA3-E5437C566266}.Ad-Hoc|iPhoneSimulator.ActiveCfg = CNDebug|Any CPU
		{53D3ADDB-DDBB-4818-ABA3-E5437C566266}.Ad-Hoc|iPhoneSimulator.Build.0 = CNDebug|Any CPU
		{53D3ADDB-DDBB-4818-ABA3-E5437C566266}.Ad-Hoc|x64.ActiveCfg = CNDebug|Any CPU
		{53D3ADDB-DDBB-4818-ABA3-E5437C566266}.Ad-Hoc|x64.Build.0 = CNDebug|Any CPU
		{53D3ADDB-DDBB-4818-ABA3-E5437C566266}.Ad-Hoc|x86.ActiveCfg = CNDebug|Any CPU
		{53D3ADDB-DDBB-4818-ABA3-E5437C566266}.Ad-Hoc|x86.Build.0 = CNDebug|Any CPU
		{53D3ADDB-DDBB-4818-ABA3-E5437C566266}.AppStore|Any CPU.ActiveCfg = CNDebug|Any CPU
		{53D3ADDB-DDBB-4818-ABA3-E5437C566266}.AppStore|Any CPU.Build.0 = CNDebug|Any CPU
		{53D3ADDB-DDBB-4818-ABA3-E5437C566266}.AppStore|ARM.ActiveCfg = CNDebug|Any CPU
		{53D3ADDB-DDBB-4818-ABA3-E5437C566266}.AppStore|ARM.Build.0 = CNDebug|Any CPU
		{53D3ADDB-DDBB-4818-ABA3-E5437C566266}.AppStore|iPhone.ActiveCfg = CNDebug|Any CPU
		{53D3ADDB-DDBB-4818-ABA3-E5437C566266}.AppStore|iPhone.Build.0 = CNDebug|Any CPU
		{53D3ADDB-DDBB-4818-ABA3-E5437C566266}.AppStore|iPhoneSimulator.ActiveCfg = CNDebug|Any CPU
		{53D3ADDB-DDBB-4818-ABA3-E5437C566266}.AppStore|iPhoneSimulator.Build.0 = CNDebug|Any CPU
		{53D3ADDB-DDBB-4818-ABA3-E5437C566266}.AppStore|x64.ActiveCfg = CNDebug|Any CPU
		{53D3ADDB-DDBB-4818-ABA3-E5437C566266}.AppStore|x64.Build.0 = CNDebug|Any CPU
		{53D3ADDB-DDBB-4818-ABA3-E5437C566266}.AppStore|x86.ActiveCfg = CNDebug|Any CPU
		{53D3ADDB-DDBB-4818-ABA3-E5437C566266}.AppStore|x86.Build.0 = CNDebug|Any CPU
		{53D3ADDB-DDBB-4818-ABA3-E5437C566266}.CNDebug|Any CPU.ActiveCfg = CNDebug|Any CPU
		{53D3ADDB-DDBB-4818-ABA3-E5437C566266}.CNDebug|Any CPU.Build.0 = CNDebug|Any CPU
		{53D3ADDB-DDBB-4818-ABA3-E5437C566266}.CNDebug|ARM.ActiveCfg = CNDebug|Any CPU
		{53D3ADDB-DDBB-4818-ABA3-E5437C566266}.CNDebug|ARM.Build.0 = CNDebug|Any CPU
		{53D3ADDB-DDBB-4818-ABA3-E5437C566266}.CNDebug|iPhone.ActiveCfg = CNDebug|Any CPU
		{53D3ADDB-DDBB-4818-ABA3-E5437C566266}.CNDebug|iPhone.Build.0 = CNDebug|Any CPU
		{53D3ADDB-DDBB-4818-ABA3-E5437C566266}.CNDebug|iPhoneSimulator.ActiveCfg = CNDebug|Any CPU
		{53D3ADDB-DDBB-4818-ABA3-E5437C566266}.CNDebug|iPhoneSimulator.Build.0 = CNDebug|Any CPU
		{53D3ADDB-DDBB-4818-ABA3-E5437C566266}.CNDebug|x64.ActiveCfg = CNDebug|Any CPU
		{53D3ADDB-DDBB-4818-ABA3-E5437C566266}.CNDebug|x64.Build.0 = CNDebug|Any CPU
		{53D3ADDB-DDBB-4818-ABA3-E5437C566266}.CNDebug|x86.ActiveCfg = CNDebug|Any CPU
		{53D3ADDB-DDBB-4818-ABA3-E5437C566266}.CNDebug|x86.Build.0 = CNDebug|Any CPU
		{53D3ADDB-DDBB-4818-ABA3-E5437C566266}.Debug|Any CPU.ActiveCfg = Debug|Any CPU
		{53D3ADDB-DDBB-4818-ABA3-E5437C566266}.Debug|Any CPU.Build.0 = Debug|Any CPU
		{53D3ADDB-DDBB-4818-ABA3-E5437C566266}.Debug|ARM.ActiveCfg = Debug|Any CPU
		{53D3ADDB-DDBB-4818-ABA3-E5437C566266}.Debug|ARM.Build.0 = Debug|Any CPU
		{53D3ADDB-DDBB-4818-ABA3-E5437C566266}.Debug|iPhone.ActiveCfg = Debug|Any CPU
		{53D3ADDB-DDBB-4818-ABA3-E5437C566266}.Debug|iPhone.Build.0 = Debug|Any CPU
		{53D3ADDB-DDBB-4818-ABA3-E5437C566266}.Debug|iPhoneSimulator.ActiveCfg = Debug|Any CPU
		{53D3ADDB-DDBB-4818-ABA3-E5437C566266}.Debug|iPhoneSimulator.Build.0 = Debug|Any CPU
		{53D3ADDB-DDBB-4818-ABA3-E5437C566266}.Debug|x64.ActiveCfg = Debug|Any CPU
		{53D3ADDB-DDBB-4818-ABA3-E5437C566266}.Debug|x64.Build.0 = Debug|Any CPU
		{53D3ADDB-DDBB-4818-ABA3-E5437C566266}.Debug|x86.ActiveCfg = Debug|Any CPU
		{53D3ADDB-DDBB-4818-ABA3-E5437C566266}.Debug|x86.Build.0 = Debug|Any CPU
		{53D3ADDB-DDBB-4818-ABA3-E5437C566266}.Release|Any CPU.ActiveCfg = Release|Any CPU
		{53D3ADDB-DDBB-4818-ABA3-E5437C566266}.Release|Any CPU.Build.0 = Release|Any CPU
		{53D3ADDB-DDBB-4818-ABA3-E5437C566266}.Release|ARM.ActiveCfg = Release|Any CPU
		{53D3ADDB-DDBB-4818-ABA3-E5437C566266}.Release|ARM.Build.0 = Release|Any CPU
		{53D3ADDB-DDBB-4818-ABA3-E5437C566266}.Release|iPhone.ActiveCfg = Release|Any CPU
		{53D3ADDB-DDBB-4818-ABA3-E5437C566266}.Release|iPhone.Build.0 = Release|Any CPU
		{53D3ADDB-DDBB-4818-ABA3-E5437C566266}.Release|iPhoneSimulator.ActiveCfg = Release|Any CPU
		{53D3ADDB-DDBB-4818-ABA3-E5437C566266}.Release|iPhoneSimulator.Build.0 = Release|Any CPU
		{53D3ADDB-DDBB-4818-ABA3-E5437C566266}.Release|x64.ActiveCfg = Release|Any CPU
		{53D3ADDB-DDBB-4818-ABA3-E5437C566266}.Release|x64.Build.0 = Release|Any CPU
		{53D3ADDB-DDBB-4818-ABA3-E5437C566266}.Release|x86.ActiveCfg = Release|Any CPU
		{53D3ADDB-DDBB-4818-ABA3-E5437C566266}.Release|x86.Build.0 = Release|Any CPU
	EndGlobalSection
	GlobalSection(SolutionProperties) = preSolution
		HideSolutionNode = FALSE
	EndGlobalSection
EndGlobal
